{
  "requires": true,
  "lockfileVersion": 1,
  "dependencies": {
    "@ionic-native/core": {
      "version": "5.28.0",
      "resolved": "https://registry.npmjs.org/@ionic-native/core/-/core-5.28.0.tgz",
      "integrity": "sha512-YmR70U+bIk1e4V36bke8HCol2XwuplAr4OTok4Jdx6MaAfJ1xR1AWt2PiQOIgM8bAq8qkVlbgsYi2rEOzKVc7A==",
      "requires": {
        "@types/cordova": "^0.0.34"
      }
    },
    "@types/cordova": {
      "version": "0.0.34",
      "resolved": "https://registry.npmjs.org/@types/cordova/-/cordova-0.0.34.tgz",
      "integrity": "sha1-6nrd907Ow9dimCegw54smt3HPQQ="
    }
  }
}
